
Microsoft Visual Studio Solution File, Format Version 12.00
# Visual Studio Version 17
VisualStudioVersion = 17.4.33205.214
MinimumVisualStudioVersion = 10.0.40219.1
Project("{FAE04EC0-301F-11D3-BF4B-00C04F79EFBC}") = "Project-DataBase-Interface", "Project-DataBase-Interface\Project-DataBase-Interface.csproj", "{07313BA2-1279-438E-9FC0-11FEBB9A9795}"
EndProject
Global
	GlobalSection(SolutionConfigurationPlatforms) = preSolution
		Debug|Any CPU = Debug|Any CPU
		Release|Any CPU = Release|Any CPU
	EndGlobalSection
	GlobalSection(ProjectConfigurationPlatforms) = postSolution
		{07313BA2-1279-438E-9FC0-11FEBB9A9795}.Debug|Any CPU.ActiveCfg = Debug|Any CPU
		{07313BA2-1279-438E-9FC0-11FEBB9A9795}.Debug|Any CPU.Build.0 = Debug|Any CPU
		{07313BA2-1279-438E-9FC0-11FEBB9A9795}.Release|Any CPU.ActiveCfg = Release|Any CPU
		{07313BA2-1279-438E-9FC0-11FEBB9A9795}.Release|Any CPU.Build.0 = Release|Any CPU
	EndGlobalSection
	GlobalSection(SolutionProperties) = preSolution
		HideSolutionNode = FALSE
	EndGlobalSection
	GlobalSection(ExtensibilityGlobals) = postSolution
		SolutionGuid = {E26484F7-1209-44B2-88FC-B5CB14058CDC}
	EndGlobalSection
EndGlobal
